
Microsoft Visual Studio Solution File, Format Version 12.00
# Visual Studio Version 16
VisualStudioVersion = 16.0.29025.244
MinimumVisualStudioVersion = 10.0.40219.1
Project("{FAE04EC0-301F-11D3-BF4B-00C04F79EFBC}") = "Will_Blog", "Will_Blog\Will_Blog.csproj", "{AAFA065B-CAFC-4790-BC5E-034C12E40403}"
EndProject
Global
	GlobalSection(SolutionConfigurationPlatforms) = preSolution
		Debug|Any CPU = Debug|Any CPU
		Release|Any CPU = Release|Any CPU
	EndGlobalSection
	GlobalSection(ProjectConfigurationPlatforms) = postSolution
		{AAFA065B-CAFC-4790-BC5E-034C12E40403}.Debug|Any CPU.ActiveCfg = Debug|Any CPU
		{AAFA065B-CAFC-4790-BC5E-034C12E40403}.Debug|Any CPU.Build.0 = Debug|Any CPU
		{AAFA065B-CAFC-4790-BC5E-034C12E40403}.Release|Any CPU.ActiveCfg = Release|Any CPU
		{AAFA065B-CAFC-4790-BC5E-034C12E40403}.Release|Any CPU.Build.0 = Release|Any CPU
	EndGlobalSection
	GlobalSection(SolutionProperties) = preSolution
		HideSolutionNode = FALSE
	EndGlobalSection
	GlobalSection(ExtensibilityGlobals) = postSolution
		SolutionGuid = {953E12FC-ACA4-4095-AB55-86854AD56EC9}
	EndGlobalSection
EndGlobal
